// !$*UTF8*$!
{
	archiveVersion = 1;
	classes = {
	};
	objectVersion = 46;
	objects = {

/* Begin PBXBuildFile section */
		93971B5E1F0FDD6900C4E18A /* AppDelegate.swift in Sources */ = {isa = PBXBuildFile; fileRef = 93971B5D1F0FDD6900C4E18A /* AppDelegate.swift */; };
		93971B601F0FDD6900C4E18A /* ViewController.swift in Sources */ = {isa = PBXBuildFile; fileRef = 93971B5F1F0FDD6900C4E18A /* ViewController.swift */; };
		93971B631F0FDD6900C4E18A /* Main.storyboard in Resources */ = {isa = PBXBuildFile; fileRef = 93971B611F0FDD6900C4E18A /* Main.storyboard */; };
		93971B651F0FDD6900C4E18A /* Assets.xcassets in Resources */ = {isa = PBXBuildFile; fileRef = 93971B641F0FDD6900C4E18A /* Assets.xcassets */; };
		93971B681F0FDD6900C4E18A /* LaunchScreen.storyboard in Resources */ = {isa = PBXBuildFile; fileRef = 93971B661F0FDD6900C4E18A /* LaunchScreen.storyboard */; };
		93971B731F0FDD6900C4E18A /* SlimTableViewTests.swift in Sources */ = {isa = PBXBuildFile; fileRef = 93971B721F0FDD6900C4E18A /* SlimTableViewTests.swift */; };
		93971B7E1F0FDD6900C4E18A /* SlimTableViewUITests.swift in Sources */ = {isa = PBXBuildFile; fileRef = 93971B7D1F0FDD6900C4E18A /* SlimTableViewUITests.swift */; };
		93971B8C1F0FDDAB00C4E18A /* ContactsTableViewController.swift in Sources */ = {isa = PBXBuildFile; fileRef = 93971B8B1F0FDDAB00C4E18A /* ContactsTableViewController.swift */; };
		93971B8E1F0FDE5600C4E18A /* Contact.swift in Sources */ = {isa = PBXBuildFile; fileRef = 93971B8D1F0FDE5600C4E18A /* Contact.swift */; };
		93971B911F0FE30C00C4E18A /* ContactTableViewCell.swift in Sources */ = {isa = PBXBuildFile; fileRef = 93971B901F0FE30C00C4E18A /* ContactTableViewCell.swift */; };
		93971B931F0FE42400C4E18A /* BaseCellProtocol.swift in Sources */ = {isa = PBXBuildFile; fileRef = 93971B921F0FE42400C4E18A /* BaseCellProtocol.swift */; };
/* End PBXBuildFile section */

/* Begin PBXContainerItemProxy section */
		93971B6F1F0FDD6900C4E18A /* PBXContainerItemProxy */ = {
			isa = PBXContainerItemProxy;
			containerPortal = 93971B521F0FDD6900C4E18A /* Project object */;
			proxyType = 1;
			remoteGlobalIDString = 93971B591F0FDD6900C4E18A;
			remoteInfo = SlimTableView;
		};
		93971B7A1F0FDD6900C4E18A /* PBXContainerItemProxy */ = {
			isa = PBXContainerItemProxy;
			containerPortal = 93971B521F0FDD6900C4E18A /* Project object */;
			proxyType = 1;
			remoteGlobalIDString = 93971B591F0FDD6900C4E18A;
			remoteInfo = SlimTableView;
		};
/* End PBXContainerItemProxy section */

/* Begin PBXFileReference section */
		93971B5A1F0FDD6900C4E18A /* SlimTableView.app */ = {isa = PBXFileReference; explicitFileType = wrapper.application; includeInIndex = 0; path = SlimTableView.app; sourceTree = BUILT_PRODUCTS_DIR; };
		93971B5D1F0FDD6900C4E18A /* AppDelegate.swift */ = {isa = PBXFileReference; lastKnownFileType = sourcecode.swift; path = AppDelegate.swift; sourceTree = "<group>"; };
		93971B5F1F0FDD6900C4E18A /* ViewController.swift */ = {isa = PBXFileReference; lastKnownFileType = sourcecode.swift; path = ViewController.swift; sourceTree = "<group>"; };
		93971B621F0FDD6900C4E18A /* Base */ = {isa = PBXFileReference; lastKnownFileType = file.storyboard; name = Base; path = Base.lproj/Main.storyboard; sourceTree = "<group>"; };
		93971B641F0FDD6900C4E18A /* Assets.xcassets */ = {isa = PBXFileReference; lastKnownFileType = folder.assetcatalog; path = Assets.xcassets; sourceTree = "<group>"; };
		93971B671F0FDD6900C4E18A /* Base */ = {isa = PBXFileReference; lastKnownFileType = file.storyboard; name = Base; path = Base.lproj/LaunchScreen.storyboard; sourceTree = "<group>"; };
		93971B691F0FDD6900C4E18A /* Info.plist */ = {isa = PBXFileReference; lastKnownFileType = text.plist.xml; path = Info.plist; sourceTree = "<group>"; };
		93971B6E1F0FDD6900C4E18A /* SlimTableViewTests.xctest */ = {isa = PBXFileReference; explicitFileType = wrapper.cfbundle; includeInIndex = 0; path = SlimTableViewTests.xctest; sourceTree = BUILT_PRODUCTS_DIR; };
		93971B721F0FDD6900C4E18A /* SlimTableViewTests.swift */ = {isa = PBXFileReference; lastKnownFileType = sourcecode.swift; path = SlimTableViewTests.swift; sourceTree = "<group>"; };
		93971B741F0FDD6900C4E18A /* Info.plist */ = {isa = PBXFileReference; lastKnownFileType = text.plist.xml; path = Info.plist; sourceTree = "<group>"; };
		93971B791F0FDD6900C4E18A /* SlimTableViewUITests.xctest */ = {isa = PBXFileReference; explicitFileType = wrapper.cfbundle; includeInIndex = 0; path = SlimTableViewUITests.xctest; sourceTree = BUILT_PRODUCTS_DIR; };
		93971B7D1F0FDD6900C4E18A /* SlimTableViewUITests.swift */ = {isa = PBXFileReference; lastKnownFileType = sourcecode.swift; path = SlimTableViewUITests.swift; sourceTree = "<group>"; };
		93971B7F1F0FDD6900C4E18A /* Info.plist */ = {isa = PBXFileReference; lastKnownFileType = text.plist.xml; path = Info.plist; sourceTree = "<group>"; };
		93971B8B1F0FDDAB00C4E18A /* ContactsTableViewController.swift */ = {isa = PBXFileReference; fileEncoding = 4; lastKnownFileType = sourcecode.swift; name = ContactsTableViewController.swift; path = ViewControllers/ContactsTableViewController.swift; sourceTree = "<group>"; };
		93971B8D1F0FDE5600C4E18A /* Contact.swift */ = {isa = PBXFileReference; fileEncoding = 4; lastKnownFileType = sourcecode.swift; path = Contact.swift; sourceTree = "<group>"; };
		93971B901F0FE30C00C4E18A /* ContactTableViewCell.swift */ = {isa = PBXFileReference; fileEncoding = 4; lastKnownFileType = sourcecode.swift; path = ContactTableViewCell.swift; sourceTree = "<group>"; };
		93971B921F0FE42400C4E18A /* BaseCellProtocol.swift */ = {isa = PBXFileReference; fileEncoding = 4; lastKnownFileType = sourcecode.swift; path = BaseCellProtocol.swift; sourceTree = "<group>"; };
/* End PBXFileReference section */

/* Begin PBXFrameworksBuildPhase section */
		93971B571F0FDD6900C4E18A /* Frameworks */ = {
			isa = PBXFrameworksBuildPhase;
			buildActionMask = 2147483647;
			files = (
			);
			runOnlyForDeploymentPostprocessing = 0;
		};
		93971B6B1F0FDD6900C4E18A /* Frameworks */ = {
			isa = PBXFrameworksBuildPhase;
			buildActionMask = 2147483647;
			files = (
			);
			runOnlyForDeploymentPostprocessing = 0;
		};
		93971B761F0FDD6900C4E18A /* Frameworks */ = {
			isa = PBXFrameworksBuildPhase;
			buildActionMask = 2147483647;
			files = (
			);
			runOnlyForDeploymentPostprocessing = 0;
		};
/* End PBXFrameworksBuildPhase section */

/* Begin PBXGroup section */
		93971B511F0FDD6900C4E18A = {
			isa = PBXGroup;
			children = (
				93971B5C1F0FDD6900C4E18A /* SlimTableView */,
				93971B711F0FDD6900C4E18A /* SlimTableViewTests */,
				93971B7C1F0FDD6900C4E18A /* SlimTableViewUITests */,
				93971B5B1F0FDD6900C4E18A /* Products */,
			);
			sourceTree = "<group>";
		};
		93971B5B1F0FDD6900C4E18A /* Products */ = {
			isa = PBXGroup;
			children = (
				93971B5A1F0FDD6900C4E18A /* SlimTableView.app */,
				93971B6E1F0FDD6900C4E18A /* SlimTableViewTests.xctest */,
				93971B791F0FDD6900C4E18A /* SlimTableViewUITests.xctest */,
			);
			name = Products;
			sourceTree = "<group>";
		};
		93971B5C1F0FDD6900C4E18A /* SlimTableView */ = {
			isa = PBXGroup;
			children = (
				93971B5D1F0FDD6900C4E18A /* AppDelegate.swift */,
				93971B8D1F0FDE5600C4E18A /* Contact.swift */,
				93971B5F1F0FDD6900C4E18A /* ViewController.swift */,
				93971B921F0FE42400C4E18A /* BaseCellProtocol.swift */,
				93971B8B1F0FDDAB00C4E18A /* ContactsTableViewController.swift */,
				93971B901F0FE30C00C4E18A /* ContactTableViewCell.swift */,
				93971B611F0FDD6900C4E18A /* Main.storyboard */,
				93971B641F0FDD6900C4E18A /* Assets.xcassets */,
				93971B661F0FDD6900C4E18A /* LaunchScreen.storyboard */,
				93971B691F0FDD6900C4E18A /* Info.plist */,
			);
			path = SlimTableView;
			sourceTree = "<group>";
		};
		93971B711F0FDD6900C4E18A /* SlimTableViewTests */ = {
			isa = PBXGroup;
			children = (
				93971B721F0FDD6900C4E18A /* SlimTableViewTests.swift */,
				93971B741F0FDD6900C4E18A /* Info.plist */,
			);
			path = SlimTableViewTests;
			sourceTree = "<group>";
		};
		93971B7C1F0FDD6900C4E18A /* SlimTableViewUITests */ = {
			isa = PBXGroup;
			children = (
				93971B7D1F0FDD6900C4E18A /* SlimTableViewUITests.swift */,
				93971B7F1F0FDD6900C4E18A /* Info.plist */,
			);
			path = SlimTableViewUITests;
			sourceTree = "<group>";
		};
/* End PBXGroup section */

/* Begin PBXNativeTarget section */
		93971B591F0FDD6900C4E18A /* SlimTableView */ = {
			isa = PBXNativeTarget;
			buildConfigurationList = 93971B821F0FDD6900C4E18A /* Build configuration list for PBXNativeTarget "SlimTableView" */;
			buildPhases = (
				93971B561F0FDD6900C4E18A /* Sources */,
				93971B571F0FDD6900C4E18A /* Frameworks */,
				93971B581F0FDD6900C4E18A /* Resources */,
			);
			buildRules = (
			);
			dependencies = (
			);
			name = SlimTableView;
			productName = SlimTableView;
			productReference = 93971B5A1F0FDD6900C4E18A /* SlimTableView.app */;
			productType = "com.apple.product-type.application";
		};
		93971B6D1F0FDD6900C4E18A /* SlimTableViewTests */ = {
			isa = PBXNativeTarget;
			buildConfigurationList = 93971B851F0FDD6900C4E18A /* Build configuration list for PBXNativeTarget "SlimTableViewTests" */;
			buildPhases = (
				93971B6A1F0FDD6900C4E18A /* Sources */,
				93971B6B1F0FDD6900C4E18A /* Frameworks */,
				93971B6C1F0FDD6900C4E18A /* Resources */,
			);
			buildRules = (
			);
			dependencies = (
				93971B701F0FDD6900C4E18A /* PBXTargetDependency */,
			);
			name = SlimTableViewTests;
			productName = SlimTableViewTests;
			productReference = 93971B6E1F0FDD6900C4E18A /* SlimTableViewTests.xctest */;
			productType = "com.apple.product-type.bundle.unit-test";
		};
		93971B781F0FDD6900C4E18A /* SlimTableViewUITests */ = {
			isa = PBXNativeTarget;
			buildConfigurationList = 93971B881F0FDD6900C4E18A /* Build configuration list for PBXNativeTarget "SlimTableViewUITests" */;
			buildPhases = (
				93971B751F0FDD6900C4E18A /* Sources */,
				93971B761F0FDD6900C4E18A /* Frameworks */,
				93971B771F0FDD6900C4E18A /* Resources */,
			);
			buildRules = (
			);
			dependencies = (
				93971B7B1F0FDD6900C4E18A /* PBXTargetDependency */,
			);
			name = SlimTableViewUITests;
			productName = SlimTableViewUITests;
			productReference = 93971B791F0FDD6900C4E18A /* SlimTableViewUITests.xctest */;
			productType = "com.apple.product-type.bundle.ui-testing";
		};
/* End PBXNativeTarget section */

/* Begin PBXProject section */
		93971B521F0FDD6900C4E18A /* Project object */ = {
			isa = PBXProject;
			attributes = {
				LastSwiftUpdateCheck = 0820;
				LastUpgradeCheck = 0820;
				ORGANIZATIONNAME = "dang huu duong";
				TargetAttributes = {
					93971B591F0FDD6900C4E18A = {
						CreatedOnToolsVersion = 8.2.1;
						DevelopmentTeam = QHBVE5ATEF;
						ProvisioningStyle = Automatic;
					};
					93971B6D1F0FDD6900C4E18A = {
						CreatedOnToolsVersion = 8.2.1;
						DevelopmentTeam = QHBVE5ATEF;
						ProvisioningStyle = Automatic;
						TestTargetID = 93971B591F0FDD6900C4E18A;
					};
					93971B781F0FDD6900C4E18A = {
						CreatedOnToolsVersion = 8.2.1;
						DevelopmentTeam = QHBVE5ATEF;
						ProvisioningStyle = Automatic;
						TestTargetID = 93971B591F0FDD6900C4E18A;
					};
				};
			};
			buildConfigurationList = 93971B551F0FDD6900C4E18A /* Build configuration list for PBXProject "SlimTableView" */;
			compatibilityVersion = "Xcode 3.2";
			developmentRegion = English;
			hasScannedForEncodings = 0;
			knownRegions = (
				en,
				Base,
			);
			mainGroup = 93971B511F0FDD6900C4E18A;
			productRefGroup = 93971B5B1F0FDD6900C4E18A /* Products */;
			projectDirPath = "";
			projectRoot = "";
			targets = (
				93971B591F0FDD6900C4E18A /* SlimTableView */,
				93971B6D1F0FDD6900C4E18A /* SlimTableViewTests */,
				93971B781F0FDD6900C4E18A /* SlimTableViewUITests */,
			);
		};
/* End PBXProject section */

/* Begin PBXResourcesBuildPhase section */
		93971B581F0FDD6900C4E18A /* Resources */ = {
			isa = PBXResourcesBuildPhase;
			buildActionMask = 2147483647;
			files = (
				93971B681F0FDD6900C4E18A /* LaunchScreen.storyboard in Resources */,
				93971B651F0FDD6900C4E18A /* Assets.xcassets in Resources */,
				93971B631F0FDD6900C4E18A /* Main.storyboard in Resources */,
			);
			runOnlyForDeploymentPostprocessing = 0;
		};
		93971B6C1F0FDD6900C4E18A /* Resources */ = {
			isa = PBXResourcesBuildPhase;
			buildActionMask = 2147483647;
			files = (
			);
			runOnlyForDeploymentPostprocessing = 0;
		};
		93971B771F0FDD6900C4E18A /* Resources */ = {
			isa = PBXResourcesBuildPhase;
			buildActionMask = 2147483647;
			files = (
			);
			runOnlyForDeploymentPostprocessing = 0;
		};
/* End PBXResourcesBuildPhase section */

/* Begin PBXSourcesBuildPhase section */
		93971B561F0FDD6900C4E18A /* Sources */ = {
			isa = PBXSourcesBuildPhase;
			buildActionMask = 2147483647;
			files = (
				93971B8E1F0FDE5600C4E18A /* Contact.swift in Sources */,
				93971B911F0FE30C00C4E18A /* ContactTableViewCell.swift in Sources */,
				93971B601F0FDD6900C4E18A /* ViewController.swift in Sources */,
				93971B5E1F0FDD6900C4E18A /* AppDelegate.swift in Sources */,
				93971B931F0FE42400C4E18A /* BaseCellProtocol.swift in Sources */,
				93971B8C1F0FDDAB00C4E18A /* ContactsTableViewController.swift in Sources */,
			);
			runOnlyForDeploymentPostprocessing = 0;
		};
		93971B6A1F0FDD6900C4E18A /* Sources */ = {
			isa = PBXSourcesBuildPhase;
			buildActionMask = 2147483647;
			files = (
				93971B731F0FDD6900C4E18A /* SlimTableViewTests.swift in Sources */,
			);
			runOnlyForDeploymentPostprocessing = 0;
		};
		93971B751F0FDD6900C4E18A /* Sources */ = {
			isa = PBXSourcesBuildPhase;
			buildActionMask = 2147483647;
			files = (
				93971B7E1F0FDD6900C4E18A /* SlimTableViewUITests.swift in Sources */,
			);
			runOnlyForDeploymentPostprocessing = 0;
		};
/* End PBXSourcesBuildPhase section */

/* Begin PBXTargetDependency section */
		93971B701F0FDD6900C4E18A /* PBXTargetDependency */ = {
			isa = PBXTargetDependency;
			target = 93971B591F0FDD6900C4E18A /* SlimTableView */;
			targetProxy = 93971B6F1F0FDD6900C4E18A /* PBXContainerItemProxy */;
		};
		93971B7B1F0FDD6900C4E18A /* PBXTargetDependency */ = {
			isa = PBXTargetDependency;
			target = 93971B591F0FDD6900C4E18A /* SlimTableView */;
			targetProxy = 93971B7A1F0FDD6900C4E18A /* PBXContainerItemProxy */;
		};
/* End PBXTargetDependency section */

/* Begin PBXVariantGroup section */
		93971B611F0FDD6900C4E18A /* Main.storyboard */ = {
			isa = PBXVariantGroup;
			children = (
				93971B621F0FDD6900C4E18A /* Base */,
			);
			name = Main.storyboard;
			sourceTree = "<group>";
		};
		93971B661F0FDD6900C4E18A /* LaunchScreen.storyboard */ = {
			isa = PBXVariantGroup;
			children = (
				93971B671F0FDD6900C4E18A /* Base */,
			);
			name = LaunchScreen.storyboard;
			sourceTree = "<group>";
		};
/* End PBXVariantGroup section */

/* Begin XCBuildConfiguration section */
		93971B801F0FDD6900C4E18A /* Debug */ = {
			isa = XCBuildConfiguration;
			buildSettings = {
				ALWAYS_SEARCH_USER_PATHS = NO;
				CLANG_ANALYZER_NONNULL = YES;
				CLANG_CXX_LANGUAGE_STANDARD = "gnu++0x";
				CLANG_CXX_LIBRARY = "libc++";
				CLANG_ENABLE_MODULES = YES;
				CLANG_ENABLE_OBJC_ARC = YES;
				CLANG_WARN_BOOL_CONVERSION = YES;
				CLANG_WARN_CONSTANT_CONVERSION = YES;
				CLANG_WARN_DIRECT_OBJC_ISA_USAGE = YES_ERROR;
				CLANG_WARN_DOCUMENTATION_COMMENTS = YES;
				CLANG_WARN_EMPTY_BODY = YES;
				CLANG_WARN_ENUM_CONVERSION = YES;
				CLANG_WARN_INFINITE_RECURSION = YES;
				CLANG_WARN_INT_CONVERSION = YES;
				CLANG_WARN_OBJC_ROOT_CLASS = YES_ERROR;
				CLANG_WARN_SUSPICIOUS_MOVE = YES;
				CLANG_WARN_UNREACHABLE_CODE = YES;
				CLANG_WARN__DUPLICATE_METHOD_MATCH = YES;
				"CODE_SIGN_IDENTITY[sdk=iphoneos*]" = "iPhone Developer";
				COPY_PHASE_STRIP = NO;
				DEBUG_INFORMATION_FORMAT = dwarf;
				ENABLE_STRICT_OBJC_MSGSEND = YES;
				ENABLE_TESTABILITY = YES;
				GCC_C_LANGUAGE_STANDARD = gnu99;
				GCC_DYNAMIC_NO_PIC = NO;
				GCC_NO_COMMON_BLOCKS = YES;
				GCC_OPTIMIZATION_LEVEL = 0;
				GCC_PREPROCESSOR_DEFINITIONS = (
					"DEBUG=1",
					"$(inherited)",
				);
				GCC_WARN_64_TO_32_BIT_CONVERSION = YES;
				GCC_WARN_ABOUT_RETURN_TYPE = YES_ERROR;
				GCC_WARN_UNDECLARED_SELECTOR = YES;
				GCC_WARN_UNINITIALIZED_AUTOS = YES_AGGRESSIVE;
				GCC_WARN_UNUSED_FUNCTION = YES;
				GCC_WARN_UNUSED_VARIABLE = YES;
				IPHONEOS_DEPLOYMENT_TARGET = 10.2;
				MTL_ENABLE_DEBUG_INFO = YES;
				ONLY_ACTIVE_ARCH = YES;
				SDKROOT = iphoneos;
				SWIFT_ACTIVE_COMPILATION_CONDITIONS = DEBUG;
				SWIFT_OPTIMIZATION_LEVEL = "-Onone";
				TARGETED_DEVICE_FAMILY = "1,2";
			};
			name = Debug;
		};
		93971B811F0FDD6900C4E18A /* Release */ = {
			isa = XCBuildConfiguration;
			buildSettings = {
				ALWAYS_SEARCH_USER_PATHS = NO;
				CLANG_ANALYZER_NONNULL = YES;
				CLANG_CXX_LANGUAGE_STANDARD = "gnu++0x";
				CLANG_CXX_LIBRARY = "libc++";
				CLANG_ENABLE_MODULES = YES;
				CLANG_ENABLE_OBJC_ARC = YES;
				CLANG_WARN_BOOL_CONVERSION = YES;
				CLANG_WARN_CONSTANT_CONVERSION = YES;
				CLANG_WARN_DIRECT_OBJC_ISA_USAGE = YES_ERROR;
				CLANG_WARN_DOCUMENTATION_COMMENTS = YES;
				CLANG_WARN_EMPTY_BODY = YES;
				CLANG_WARN_ENUM_CONVERSION = YES;
				CLANG_WARN_INFINITE_RECURSION = YES;
				CLANG_WARN_INT_CONVERSION = YES;
				CLANG_WARN_OBJC_ROOT_CLASS = YES_ERROR;
				CLANG_WARN_SUSPICIOUS_MOVE = YES;
				CLANG_WARN_UNREACHABLE_CODE = YES;
				CLANG_WARN__DUPLICATE_METHOD_MATCH = YES;
				"CODE_SIGN_IDENTITY[sdk=iphoneos*]" = "iPhone Developer";
				COPY_PHASE_STRIP = NO;
				DEBUG_INFORMATION_FORMAT = "dwarf-with-dsym";
				ENABLE_NS_ASSERTIONS = NO;
				ENABLE_STRICT_OBJC_MSGSEND = YES;
				GCC_C_LANGUAGE_STANDARD = gnu99;
				GCC_NO_COMMON_BLOCKS = YES;
				GCC_WARN_64_TO_32_BIT_CONVERSION = YES;
				GCC_WARN_ABOUT_RETURN_TYPE = YES_ERROR;
				GCC_WARN_UNDECLARED_SELECTOR = YES;
				GCC_WARN_UNINITIALIZED_AUTOS = YES_AGGRESSIVE;
				GCC_WARN_UNUSED_FUNCTION = YES;
				GCC_WARN_UNUSED_VARIABLE = YES;
				IPHONEOS_DEPLOYMENT_TARGET = 10.2;
				MTL_ENABLE_DEBUG_INFO = NO;
				SDKROOT = iphoneos;
				SWIFT_OPTIMIZATION_LEVEL = "-Owholemodule";
				TARGETED_DEVICE_FAMILY = "1,2";
				VALIDATE_PRODUCT = YES;
			};
			name = Release;
		};
		93971B831F0FDD6900C4E18A /* Debug */ = {
			isa = XCBuildConfiguration;
			buildSettings = {
				ASSETCATALOG_COMPILER_APPICON_NAME = AppIcon;
				DEVELOPMENT_TEAM = QHBVE5ATEF;
				INFOPLIST_FILE = SlimTableView/Info.plist;
				LD_RUNPATH_SEARCH_PATHS = "$(inherited) @executable_path/Frameworks";
				PRODUCT_BUNDLE_IDENTIFIER = duong.SlimTableView;
				PRODUCT_NAME = "$(TARGET_NAME)";
				SWIFT_VERSION = 3.0;
			};
			name = Debug;
		};
		93971B841F0FDD6900C4E18A /* Release */ = {
			isa = XCBuildConfiguration;
			buildSettings = {
				ASSETCATALOG_COMPILER_APPICON_NAME = AppIcon;
				DEVELOPMENT_TEAM = QHBVE5ATEF;
				INFOPLIST_FILE = SlimTableView/Info.plist;
				LD_RUNPATH_SEARCH_PATHS = "$(inherited) @executable_path/Frameworks";
				PRODUCT_BUNDLE_IDENTIFIER = duong.SlimTableView;
				PRODUCT_NAME = "$(TARGET_NAME)";
				SWIFT_VERSION = 3.0;
			};
			name = Release;
		};
		93971B861F0FDD6900C4E18A /* Debug */ = {
			isa = XCBuildConfiguration;
			buildSettings = {
				ALWAYS_EMBED_SWIFT_STANDARD_LIBRARIES = YES;
				BUNDLE_LOADER = "$(TEST_HOST)";
				DEVELOPMENT_TEAM = QHBVE5ATEF;
				INFOPLIST_FILE = SlimTableViewTests/Info.plist;
				LD_RUNPATH_SEARCH_PATHS = "$(inherited) @executable_path/Frameworks @loader_path/Frameworks";
				PRODUCT_BUNDLE_IDENTIFIER = duong.SlimTableViewTests;
				PRODUCT_NAME = "$(TARGET_NAME)";
				SWIFT_VERSION = 3.0;
				TEST_HOST = "$(BUILT_PRODUCTS_DIR)/SlimTableView.app/SlimTableView";
			};
			name = Debug;
		};
		93971B871F0FDD6900C4E18A /* Release */ = {
			isa = XCBuildConfiguration;
			buildSettings = {
				ALWAYS_EMBED_SWIFT_STANDARD_LIBRARIES = YES;
				BUNDLE_LOADER = "$(TEST_HOST)";
				DEVELOPMENT_TEAM = QHBVE5ATEF;
				INFOPLIST_FILE = SlimTableViewTests/Info.plist;
				LD_RUNPATH_SEARCH_PATHS = "$(inherited) @executable_path/Frameworks @loader_path/Frameworks";
				PRODUCT_BUNDLE_IDENTIFIER = duong.SlimTableViewTests;
				PRODUCT_NAME = "$(TARGET_NAME)";
				SWIFT_VERSION = 3.0;
				TEST_HOST = "$(BUILT_PRODUCTS_DIR)/SlimTableView.app/SlimTableView";
			};
			name = Release;
		};
		93971B891F0FDD6900C4E18A /* Debug */ = {
			isa = XCBuildConfiguration;
			buildSettings = {
				ALWAYS_EMBED_SWIFT_STANDARD_LIBRARIES = YES;
				DEVELOPMENT_TEAM = QHBVE5ATEF;
				INFOPLIST_FILE = SlimTableViewUITests/Info.plist;
				LD_RUNPATH_SEARCH_PATHS = "$(inherited) @executable_path/Frameworks @loader_path/Frameworks";
				PRODUCT_BUNDLE_IDENTIFIER = duong.SlimTableViewUITests;
				PRODUCT_NAME = "$(TARGET_NAME)";
				SWIFT_VERSION = 3.0;
				TEST_TARGET_NAME = SlimTableView;
			};
			name = Debug;
		};
		93971B8A1F0FDD6900C4E18A /* Release */ = {
			isa = XCBuildConfiguration;
			buildSettings = {
				ALWAYS_EMBED_SWIFT_STANDARD_LIBRARIES = YES;
				DEVELOPMENT_TEAM = QHBVE5ATEF;
				INFOPLIST_FILE = SlimTableViewUITests/Info.plist;
				LD_RUNPATH_SEARCH_PATHS = "$(inherited) @executable_path/Frameworks @loader_path/Frameworks";
				PRODUCT_BUNDLE_IDENTIFIER = duong.SlimTableViewUITests;
				PRODUCT_NAME = "$(TARGET_NAME)";
				SWIFT_VERSION = 3.0;
				TEST_TARGET_NAME = SlimTableView;
			};
			name = Release;
		};
/* End XCBuildConfiguration section */

/* Begin XCConfigurationList section */
		93971B551F0FDD6900C4E18A /* Build configuration list for PBXProject "SlimTableView" */ = {
			isa = XCConfigurationList;
			buildConfigurations = (
				93971B801F0FDD6900C4E18A /* Debug */,
				93971B811F0FDD6900C4E18A /* Release */,
			);
			defaultConfigurationIsVisible = 0;
			defaultConfigurationName = Release;
		};
		93971B821F0FDD6900C4E18A /* Build configuration list for PBXNativeTarget "SlimTableView" */ = {
			isa = XCConfigurationList;
			buildConfigurations = (
				93971B831F0FDD6900C4E18A /* Debug */,
				93971B841F0FDD6900C4E18A /* Release */,
			);
			defaultConfigurationIsVisible = 0;
			defaultConfigurationName = Release;
		};
		93971B851F0FDD6900C4E18A /* Build configuration list for PBXNativeTarget "SlimTableViewTests" */ = {
			isa = XCConfigurationList;
			buildConfigurations = (
				93971B861F0FDD6900C4E18A /* Debug */,
				93971B871F0FDD6900C4E18A /* Release */,
			);
			defaultConfigurationIsVisible = 0;
			defaultConfigurationName = Release;
		};
		93971B881F0FDD6900C4E18A /* Build configuration list for PBXNativeTarget "SlimTableViewUITests" */ = {
			isa = XCConfigurationList;
			buildConfigurations = (
				93971B891F0FDD6900C4E18A /* Debug */,
				93971B8A1F0FDD6900C4E18A /* Release */,
			);
			defaultConfigurationIsVisible = 0;
			defaultConfigurationName = Release;
		};
/* End XCConfigurationList section */
	};
	rootObject = 93971B521F0FDD6900C4E18A /* Project object */;
}
